
Microsoft Visual Studio Solution File, Format Version 12.00
# Visual Studio 2012
Project("{FAE04EC0-301F-11D3-BF4B-00C04F79EFBC}") = "TransportCostsRebalanced", "TransportCostsRebalanced.csproj", "{09462EA2-4920-4A02-BE86-1A94583C283B}"
EndProject
Global
	GlobalSection(SolutionConfigurationPlatforms) = preSolution
		Debug|Any CPU = Debug|Any CPU
		Release|Any CPU = Release|Any CPU
	EndGlobalSection
	GlobalSection(ProjectConfigurationPlatforms) = postSolution
		{09462EA2-4920-4A02-BE86-1A94583C283B}.Debug|Any CPU.ActiveCfg = Debug|Any CPU
		{09462EA2-4920-4A02-BE86-1A94583C283B}.Debug|Any CPU.Build.0 = Debug|Any CPU
		{09462EA2-4920-4A02-BE86-1A94583C283B}.Release|Any CPU.ActiveCfg = Release|Any CPU
		{09462EA2-4920-4A02-BE86-1A94583C283B}.Release|Any CPU.Build.0 = Release|Any CPU
	EndGlobalSection
EndGlobal
